// !$*UTF8*$!
{
	archiveVersion = 1;
	classes = {
	};
	objectVersion = 55;
	objects = {

/* Begin PBXBuildFile section */
		5299C49CC1D82CFF0C30CD26 /* Pods_TestingCenturyTests.framework in Frameworks */ = {isa = PBXBuildFile; fileRef = 159DC844ACBA07FC7718BDD6 /* Pods_TestingCenturyTests.framework */; };
		599DFAD296DBC663F1FFD1CB /* Pods_TestingCentury.framework in Frameworks */ = {isa = PBXBuildFile; fileRef = EEF76E70E0C9E040ADACAD30 /* Pods_TestingCentury.framework */; };
		8CA1437E92E18F6E668F17BB /* Pods_TestingCentury_TestingCenturyUITests.framework in Frameworks */ = {isa = PBXBuildFile; fileRef = 59ABED3264CA315FAF9240B5 /* Pods_TestingCentury_TestingCenturyUITests.framework */; };
		A98707A127EE94510023114D /* AppDelegate.swift in Sources */ = {isa = PBXBuildFile; fileRef = A98707A027EE94510023114D /* AppDelegate.swift */; };
		A98707A327EE94510023114D /* SceneDelegate.swift in Sources */ = {isa = PBXBuildFile; fileRef = A98707A227EE94510023114D /* SceneDelegate.swift */; };
		A98707A527EE94510023114D /* ViewController.swift in Sources */ = {isa = PBXBuildFile; fileRef = A98707A427EE94510023114D /* ViewController.swift */; };
		A98707AA27EE94530023114D /* Assets.xcassets in Resources */ = {isa = PBXBuildFile; fileRef = A98707A927EE94530023114D /* Assets.xcassets */; };
		A98707B827EE94530023114D /* TestingCenturyTests.swift in Sources */ = {isa = PBXBuildFile; fileRef = A98707B727EE94530023114D /* TestingCenturyTests.swift */; };
		A98707C227EE94530023114D /* TestingCenturyUITests.swift in Sources */ = {isa = PBXBuildFile; fileRef = A98707C127EE94530023114D /* TestingCenturyUITests.swift */; };
		A98707C427EE94530023114D /* TestingCenturyUITestsLaunchTests.swift in Sources */ = {isa = PBXBuildFile; fileRef = A98707C327EE94530023114D /* TestingCenturyUITestsLaunchTests.swift */; };
/* End PBXBuildFile section */

/* Begin PBXContainerItemProxy section */
		A98707B427EE94530023114D /* PBXContainerItemProxy */ = {
			isa = PBXContainerItemProxy;
			containerPortal = A987079527EE94510023114D /* Project object */;
			proxyType = 1;
			remoteGlobalIDString = A987079C27EE94510023114D;
			remoteInfo = TestingCentury;
		};
		A98707BE27EE94530023114D /* PBXContainerItemProxy */ = {
			isa = PBXContainerItemProxy;
			containerPortal = A987079527EE94510023114D /* Project object */;
			proxyType = 1;
			remoteGlobalIDString = A987079C27EE94510023114D;
			remoteInfo = TestingCentury;
		};
/* End PBXContainerItemProxy section */

/* Begin PBXFileReference section */
		159DC844ACBA07FC7718BDD6 /* Pods_TestingCenturyTests.framework */ = {isa = PBXFileReference; explicitFileType = wrapper.framework; includeInIndex = 0; path = Pods_TestingCenturyTests.framework; sourceTree = BUILT_PRODUCTS_DIR; };
		29B0F45A044F64868AD39786 /* Pods-TestingCenturyTests.debug.xcconfig */ = {isa = PBXFileReference; includeInIndex = 1; lastKnownFileType = text.xcconfig; name = "Pods-TestingCenturyTests.debug.xcconfig"; path = "Target Support Files/Pods-TestingCenturyTests/Pods-TestingCenturyTests.debug.xcconfig"; sourceTree = "<group>"; };
		425150BAD07DBDC96939B87B /* Pods-TestingCentury-TestingCenturyUITests.release.xcconfig */ = {isa = PBXFileReference; includeInIndex = 1; lastKnownFileType = text.xcconfig; name = "Pods-TestingCentury-TestingCenturyUITests.release.xcconfig"; path = "Target Support Files/Pods-TestingCentury-TestingCenturyUITests/Pods-TestingCentury-TestingCenturyUITests.release.xcconfig"; sourceTree = "<group>"; };
		59ABED3264CA315FAF9240B5 /* Pods_TestingCentury_TestingCenturyUITests.framework */ = {isa = PBXFileReference; explicitFileType = wrapper.framework; includeInIndex = 0; path = Pods_TestingCentury_TestingCenturyUITests.framework; sourceTree = BUILT_PRODUCTS_DIR; };
		6F40BB93527C25D7CE7E40B3 /* Pods-TestingCenturyTests.release.xcconfig */ = {isa = PBXFileReference; includeInIndex = 1; lastKnownFileType = text.xcconfig; name = "Pods-TestingCenturyTests.release.xcconfig"; path = "Target Support Files/Pods-TestingCenturyTests/Pods-TestingCenturyTests.release.xcconfig"; sourceTree = "<group>"; };
		A987079D27EE94510023114D /* TestingCentury.app */ = {isa = PBXFileReference; explicitFileType = wrapper.application; includeInIndex = 0; path = TestingCentury.app; sourceTree = BUILT_PRODUCTS_DIR; };
		A98707A027EE94510023114D /* AppDelegate.swift */ = {isa = PBXFileReference; lastKnownFileType = sourcecode.swift; path = AppDelegate.swift; sourceTree = "<group>"; };
		A98707A227EE94510023114D /* SceneDelegate.swift */ = {isa = PBXFileReference; lastKnownFileType = sourcecode.swift; path = SceneDelegate.swift; sourceTree = "<group>"; };
		A98707A427EE94510023114D /* ViewController.swift */ = {isa = PBXFileReference; lastKnownFileType = sourcecode.swift; path = ViewController.swift; sourceTree = "<group>"; };
		A98707A927EE94530023114D /* Assets.xcassets */ = {isa = PBXFileReference; lastKnownFileType = folder.assetcatalog; path = Assets.xcassets; sourceTree = "<group>"; };
		A98707AE27EE94530023114D /* Info.plist */ = {isa = PBXFileReference; lastKnownFileType = text.plist.xml; path = Info.plist; sourceTree = "<group>"; };
		A98707B327EE94530023114D /* TestingCenturyTests.xctest */ = {isa = PBXFileReference; explicitFileType = wrapper.cfbundle; includeInIndex = 0; path = TestingCenturyTests.xctest; sourceTree = BUILT_PRODUCTS_DIR; };
		A98707B727EE94530023114D /* TestingCenturyTests.swift */ = {isa = PBXFileReference; lastKnownFileType = sourcecode.swift; path = TestingCenturyTests.swift; sourceTree = "<group>"; };
		A98707BD27EE94530023114D /* TestingCenturyUITests.xctest */ = {isa = PBXFileReference; explicitFileType = wrapper.cfbundle; includeInIndex = 0; path = TestingCenturyUITests.xctest; sourceTree = BUILT_PRODUCTS_DIR; };
		A98707C127EE94530023114D /* TestingCenturyUITests.swift */ = {isa = PBXFileReference; lastKnownFileType = sourcecode.swift; path = TestingCenturyUITests.swift; sourceTree = "<group>"; };
		A98707C327EE94530023114D /* TestingCenturyUITestsLaunchTests.swift */ = {isa = PBXFileReference; lastKnownFileType = sourcecode.swift; path = TestingCenturyUITestsLaunchTests.swift; sourceTree = "<group>"; };
		B1CE22728BBCE680DC667FCD /* Pods-TestingCentury.release.xcconfig */ = {isa = PBXFileReference; includeInIndex = 1; lastKnownFileType = text.xcconfig; name = "Pods-TestingCentury.release.xcconfig"; path = "Target Support Files/Pods-TestingCentury/Pods-TestingCentury.release.xcconfig"; sourceTree = "<group>"; };
		DF70EDDF629D4990D13D61D7 /* Pods-TestingCentury.debug.xcconfig */ = {isa = PBXFileReference; includeInIndex = 1; lastKnownFileType = text.xcconfig; name = "Pods-TestingCentury.debug.xcconfig"; path = "Target Support Files/Pods-TestingCentury/Pods-TestingCentury.debug.xcconfig"; sourceTree = "<group>"; };
		ECDF603415B868D0F38DD502 /* Pods-TestingCentury-TestingCenturyUITests.debug.xcconfig */ = {isa = PBXFileReference; includeInIndex = 1; lastKnownFileType = text.xcconfig; name = "Pods-TestingCentury-TestingCenturyUITests.debug.xcconfig"; path = "Target Support Files/Pods-TestingCentury-TestingCenturyUITests/Pods-TestingCentury-TestingCenturyUITests.debug.xcconfig"; sourceTree = "<group>"; };
		EEF76E70E0C9E040ADACAD30 /* Pods_TestingCentury.framework */ = {isa = PBXFileReference; explicitFileType = wrapper.framework; includeInIndex = 0; path = Pods_TestingCentury.framework; sourceTree = BUILT_PRODUCTS_DIR; };
/* End PBXFileReference section */

/* Begin PBXFrameworksBuildPhase section */
		A987079A27EE94510023114D /* Frameworks */ = {
			isa = PBXFrameworksBuildPhase;
			buildActionMask = 2147483647;
			files = (
				599DFAD296DBC663F1FFD1CB /* Pods_TestingCentury.framework in Frameworks */,
			);
			runOnlyForDeploymentPostprocessing = 0;
		};
		A98707B027EE94530023114D /* Frameworks */ = {
			isa = PBXFrameworksBuildPhase;
			buildActionMask = 2147483647;
			files = (
				5299C49CC1D82CFF0C30CD26 /* Pods_TestingCenturyTests.framework in Frameworks */,
			);
			runOnlyForDeploymentPostprocessing = 0;
		};
		A98707BA27EE94530023114D /* Frameworks */ = {
			isa = PBXFrameworksBuildPhase;
			buildActionMask = 2147483647;
			files = (
				8CA1437E92E18F6E668F17BB /* Pods_TestingCentury_TestingCenturyUITests.framework in Frameworks */,
			);
			runOnlyForDeploymentPostprocessing = 0;
		};
/* End PBXFrameworksBuildPhase section */

/* Begin PBXGroup section */
		52A5DC51013532AF4514D5EA /* Frameworks */ = {
			isa = PBXGroup;
			children = (
				EEF76E70E0C9E040ADACAD30 /* Pods_TestingCentury.framework */,
				59ABED3264CA315FAF9240B5 /* Pods_TestingCentury_TestingCenturyUITests.framework */,
				159DC844ACBA07FC7718BDD6 /* Pods_TestingCenturyTests.framework */,
			);
			name = Frameworks;
			sourceTree = "<group>";
		};
		A987079427EE94510023114D = {
			isa = PBXGroup;
			children = (
				A987079F27EE94510023114D /* TestingCentury */,
				A98707B627EE94530023114D /* TestingCenturyTests */,
				A98707C027EE94530023114D /* TestingCenturyUITests */,
				A987079E27EE94510023114D /* Products */,
				FA591AE30A992D312F777C2D /* Pods */,
				52A5DC51013532AF4514D5EA /* Frameworks */,
			);
			sourceTree = "<group>";
		};
		A987079E27EE94510023114D /* Products */ = {
			isa = PBXGroup;
			children = (
				A987079D27EE94510023114D /* TestingCentury.app */,
				A98707B327EE94530023114D /* TestingCenturyTests.xctest */,
				A98707BD27EE94530023114D /* TestingCenturyUITests.xctest */,
			);
			name = Products;
			sourceTree = "<group>";
		};
		A987079F27EE94510023114D /* TestingCentury */ = {
			isa = PBXGroup;
			children = (
				A98707A027EE94510023114D /* AppDelegate.swift */,
				A98707A227EE94510023114D /* SceneDelegate.swift */,
				A98707A427EE94510023114D /* ViewController.swift */,
				A98707A927EE94530023114D /* Assets.xcassets */,
				A98707AE27EE94530023114D /* Info.plist */,
			);
			path = TestingCentury;
			sourceTree = "<group>";
		};
		A98707B627EE94530023114D /* TestingCenturyTests */ = {
			isa = PBXGroup;
			children = (
				A98707B727EE94530023114D /* TestingCenturyTests.swift */,
			);
			path = TestingCenturyTests;
			sourceTree = "<group>";
		};
		A98707C027EE94530023114D /* TestingCenturyUITests */ = {
			isa = PBXGroup;
			children = (
				A98707C127EE94530023114D /* TestingCenturyUITests.swift */,
				A98707C327EE94530023114D /* TestingCenturyUITestsLaunchTests.swift */,
			);
			path = TestingCenturyUITests;
			sourceTree = "<group>";
		};
		FA591AE30A992D312F777C2D /* Pods */ = {
			isa = PBXGroup;
			children = (
				DF70EDDF629D4990D13D61D7 /* Pods-TestingCentury.debug.xcconfig */,
				B1CE22728BBCE680DC667FCD /* Pods-TestingCentury.release.xcconfig */,
				ECDF603415B868D0F38DD502 /* Pods-TestingCentury-TestingCenturyUITests.debug.xcconfig */,
				425150BAD07DBDC96939B87B /* Pods-TestingCentury-TestingCenturyUITests.release.xcconfig */,
				29B0F45A044F64868AD39786 /* Pods-TestingCenturyTests.debug.xcconfig */,
				6F40BB93527C25D7CE7E40B3 /* Pods-TestingCenturyTests.release.xcconfig */,
			);
			name = Pods;
			path = Pods;
			sourceTree = "<group>";
		};
/* End PBXGroup section */

/* Begin PBXNativeTarget section */
		A987079C27EE94510023114D /* TestingCentury */ = {
			isa = PBXNativeTarget;
			buildConfigurationList = A98707C727EE94530023114D /* Build configuration list for PBXNativeTarget "TestingCentury" */;
			buildPhases = (
				BFEF4FA8F51A0DAC648FD428 /* [CP] Check Pods Manifest.lock */,
				A987079927EE94510023114D /* Sources */,
				A987079A27EE94510023114D /* Frameworks */,
				A987079B27EE94510023114D /* Resources */,
				16C5C8F68856E48BC857C1D5 /* [CP] Embed Pods Frameworks */,
			);
			buildRules = (
			);
			dependencies = (
			);
			name = TestingCentury;
			productName = TestingCentury;
			productReference = A987079D27EE94510023114D /* TestingCentury.app */;
			productType = "com.apple.product-type.application";
		};
		A98707B227EE94530023114D /* TestingCenturyTests */ = {
			isa = PBXNativeTarget;
			buildConfigurationList = A98707CA27EE94530023114D /* Build configuration list for PBXNativeTarget "TestingCenturyTests" */;
			buildPhases = (
				58E74A049ABE9CBD5A1F948F /* [CP] Check Pods Manifest.lock */,
				A98707AF27EE94530023114D /* Sources */,
				A98707B027EE94530023114D /* Frameworks */,
				A98707B127EE94530023114D /* Resources */,
			);
			buildRules = (
			);
			dependencies = (
				A98707B527EE94530023114D /* PBXTargetDependency */,
			);
			name = TestingCenturyTests;
			productName = TestingCenturyTests;
			productReference = A98707B327EE94530023114D /* TestingCenturyTests.xctest */;
			productType = "com.apple.product-type.bundle.unit-test";
		};
		A98707BC27EE94530023114D /* TestingCenturyUITests */ = {
			isa = PBXNativeTarget;
			buildConfigurationList = A98707CD27EE94530023114D /* Build configuration list for PBXNativeTarget "TestingCenturyUITests" */;
			buildPhases = (
				56A48A061A42E9CB54E4FF30 /* [CP] Check Pods Manifest.lock */,
				A98707B927EE94530023114D /* Sources */,
				A98707BA27EE94530023114D /* Frameworks */,
				A98707BB27EE94530023114D /* Resources */,
				90595AE2770385AC7CF56DFF /* [CP] Embed Pods Frameworks */,
			);
			buildRules = (
			);
			dependencies = (
				A98707BF27EE94530023114D /* PBXTargetDependency */,
			);
			name = TestingCenturyUITests;
			productName = TestingCenturyUITests;
			productReference = A98707BD27EE94530023114D /* TestingCenturyUITests.xctest */;
			productType = "com.apple.product-type.bundle.ui-testing";
		};
/* End PBXNativeTarget section */

/* Begin PBXProject section */
		A987079527EE94510023114D /* Project object */ = {
			isa = PBXProject;
			attributes = {
				BuildIndependentTargetsInParallel = 1;
				LastSwiftUpdateCheck = 1330;
				LastUpgradeCheck = 1330;
				TargetAttributes = {
					A987079C27EE94510023114D = {
						CreatedOnToolsVersion = 13.3;
					};
					A98707B227EE94530023114D = {
						CreatedOnToolsVersion = 13.3;
						TestTargetID = A987079C27EE94510023114D;
					};
					A98707BC27EE94530023114D = {
						CreatedOnToolsVersion = 13.3;
						TestTargetID = A987079C27EE94510023114D;
					};
				};
			};
			buildConfigurationList = A987079827EE94510023114D /* Build configuration list for PBXProject "TestingCentury" */;
			compatibilityVersion = "Xcode 13.0";
			developmentRegion = en;
			hasScannedForEncodings = 0;
			knownRegions = (
				en,
				Base,
			);
			mainGroup = A987079427EE94510023114D;
			productRefGroup = A987079E27EE94510023114D /* Products */;
			projectDirPath = "";
			projectRoot = "";
			targets = (
				A987079C27EE94510023114D /* TestingCentury */,
				A98707B227EE94530023114D /* TestingCenturyTests */,
				A98707BC27EE94530023114D /* TestingCenturyUITests */,
			);
		};
/* End PBXProject section */

/* Begin PBXResourcesBuildPhase section */
		A987079B27EE94510023114D /* Resources */ = {
			isa = PBXResourcesBuildPhase;
			buildActionMask = 2147483647;
			files = (
				A98707AA27EE94530023114D /* Assets.xcassets in Resources */,
			);
			runOnlyForDeploymentPostprocessing = 0;
		};
		A98707B127EE94530023114D /* Resources */ = {
			isa = PBXResourcesBuildPhase;
			buildActionMask = 2147483647;
			files = (
			);
			runOnlyForDeploymentPostprocessing = 0;
		};
		A98707BB27EE94530023114D /* Resources */ = {
			isa = PBXResourcesBuildPhase;
			buildActionMask = 2147483647;
			files = (
			);
			runOnlyForDeploymentPostprocessing = 0;
		};
/* End PBXResourcesBuildPhase section */

/* Begin PBXShellScriptBuildPhase section */
		16C5C8F68856E48BC857C1D5 /* [CP] Embed Pods Frameworks */ = {
			isa = PBXShellScriptBuildPhase;
			buildActionMask = 2147483647;
			files = (
			);
			inputFileListPaths = (
				"${PODS_ROOT}/Target Support Files/Pods-TestingCentury/Pods-TestingCentury-frameworks-${CONFIGURATION}-input-files.xcfilelist",
			);
			name = "[CP] Embed Pods Frameworks";
			outputFileListPaths = (
				"${PODS_ROOT}/Target Support Files/Pods-TestingCentury/Pods-TestingCentury-frameworks-${CONFIGURATION}-output-files.xcfilelist",
			);
			runOnlyForDeploymentPostprocessing = 0;
			shellPath = /bin/sh;
			shellScript = "\"${PODS_ROOT}/Target Support Files/Pods-TestingCentury/Pods-TestingCentury-frameworks.sh\"\n";
			showEnvVarsInLog = 0;
		};
		56A48A061A42E9CB54E4FF30 /* [CP] Check Pods Manifest.lock */ = {
			isa = PBXShellScriptBuildPhase;
			buildActionMask = 2147483647;
			files = (
			);
			inputFileListPaths = (
			);
			inputPaths = (
				"${PODS_PODFILE_DIR_PATH}/Podfile.lock",
				"${PODS_ROOT}/Manifest.lock",
			);
			name = "[CP] Check Pods Manifest.lock";
			outputFileListPaths = (
			);
			outputPaths = (
				"$(DERIVED_FILE_DIR)/Pods-TestingCentury-TestingCenturyUITests-checkManifestLockResult.txt",
			);
			runOnlyForDeploymentPostprocessing = 0;
			shellPath = /bin/sh;
			shellScript = "diff \"${PODS_PODFILE_DIR_PATH}/Podfile.lock\" \"${PODS_ROOT}/Manifest.lock\" > /dev/null\nif [ $? != 0 ] ; then\n    # print error to STDERR\n    echo \"error: The sandbox is not in sync with the Podfile.lock. Run 'pod install' or update your CocoaPods installation.\" >&2\n    exit 1\nfi\n# This output is used by Xcode 'outputs' to avoid re-running this script phase.\necho \"SUCCESS\" > \"${SCRIPT_OUTPUT_FILE_0}\"\n";
			showEnvVarsInLog = 0;
		};
		58E74A049ABE9CBD5A1F948F /* [CP] Check Pods Manifest.lock */ = {
			isa = PBXShellScriptBuildPhase;
			buildActionMask = 2147483647;
			files = (
			);
			inputFileListPaths = (
			);
			inputPaths = (
				"${PODS_PODFILE_DIR_PATH}/Podfile.lock",
				"${PODS_ROOT}/Manifest.lock",
			);
			name = "[CP] Check Pods Manifest.lock";
			outputFileListPaths = (
			);
			outputPaths = (
				"$(DERIVED_FILE_DIR)/Pods-TestingCenturyTests-checkManifestLockResult.txt",
			);
			runOnlyForDeploymentPostprocessing = 0;
			shellPath = /bin/sh;
			shellScript = "diff \"${PODS_PODFILE_DIR_PATH}/Podfile.lock\" \"${PODS_ROOT}/Manifest.lock\" > /dev/null\nif [ $? != 0 ] ; then\n    # print error to STDERR\n    echo \"error: The sandbox is not in sync with the Podfile.lock. Run 'pod install' or update your CocoaPods installation.\" >&2\n    exit 1\nfi\n# This output is used by Xcode 'outputs' to avoid re-running this script phase.\necho \"SUCCESS\" > \"${SCRIPT_OUTPUT_FILE_0}\"\n";
			showEnvVarsInLog = 0;
		};
		90595AE2770385AC7CF56DFF /* [CP] Embed Pods Frameworks */ = {
			isa = PBXShellScriptBuildPhase;
			buildActionMask = 2147483647;
			files = (
			);
			inputFileListPaths = (
				"${PODS_ROOT}/Target Support Files/Pods-TestingCentury-TestingCenturyUITests/Pods-TestingCentury-TestingCenturyUITests-frameworks-${CONFIGURATION}-input-files.xcfilelist",
			);
			name = "[CP] Embed Pods Frameworks";
			outputFileListPaths = (
				"${PODS_ROOT}/Target Support Files/Pods-TestingCentury-TestingCenturyUITests/Pods-TestingCentury-TestingCenturyUITests-frameworks-${CONFIGURATION}-output-files.xcfilelist",
			);
			runOnlyForDeploymentPostprocessing = 0;
			shellPath = /bin/sh;
			shellScript = "\"${PODS_ROOT}/Target Support Files/Pods-TestingCentury-TestingCenturyUITests/Pods-TestingCentury-TestingCenturyUITests-frameworks.sh\"\n";
			showEnvVarsInLog = 0;
		};
		BFEF4FA8F51A0DAC648FD428 /* [CP] Check Pods Manifest.lock */ = {
			isa = PBXShellScriptBuildPhase;
			buildActionMask = 2147483647;
			files = (
			);
			inputFileListPaths = (
			);
			inputPaths = (
				"${PODS_PODFILE_DIR_PATH}/Podfile.lock",
				"${PODS_ROOT}/Manifest.lock",
			);
			name = "[CP] Check Pods Manifest.lock";
			outputFileListPaths = (
			);
			outputPaths = (
				"$(DERIVED_FILE_DIR)/Pods-TestingCentury-checkManifestLockResult.txt",
			);
			runOnlyForDeploymentPostprocessing = 0;
			shellPath = /bin/sh;
			shellScript = "diff \"${PODS_PODFILE_DIR_PATH}/Podfile.lock\" \"${PODS_ROOT}/Manifest.lock\" > /dev/null\nif [ $? != 0 ] ; then\n    # print error to STDERR\n    echo \"error: The sandbox is not in sync with the Podfile.lock. Run 'pod install' or update your CocoaPods installation.\" >&2\n    exit 1\nfi\n# This output is used by Xcode 'outputs' to avoid re-running this script phase.\necho \"SUCCESS\" > \"${SCRIPT_OUTPUT_FILE_0}\"\n";
			showEnvVarsInLog = 0;
		};
/* End PBXShellScriptBuildPhase section */

/* Begin PBXSourcesBuildPhase section */
		A987079927EE94510023114D /* Sources */ = {
			isa = PBXSourcesBuildPhase;
			buildActionMask = 2147483647;
			files = (
				A98707A527EE94510023114D /* ViewController.swift in Sources */,
				A98707A127EE94510023114D /* AppDelegate.swift in Sources */,
				A98707A327EE94510023114D /* SceneDelegate.swift in Sources */,
			);
			runOnlyForDeploymentPostprocessing = 0;
		};
		A98707AF27EE94530023114D /* Sources */ = {
			isa = PBXSourcesBuildPhase;
			buildActionMask = 2147483647;
			files = (
				A98707B827EE94530023114D /* TestingCenturyTests.swift in Sources */,
			);
			runOnlyForDeploymentPostprocessing = 0;
		};
		A98707B927EE94530023114D /* Sources */ = {
			isa = PBXSourcesBuildPhase;
			buildActionMask = 2147483647;
			files = (
				A98707C427EE94530023114D /* TestingCenturyUITestsLaunchTests.swift in Sources */,
				A98707C227EE94530023114D /* TestingCenturyUITests.swift in Sources */,
			);
			runOnlyForDeploymentPostprocessing = 0;
		};
/* End PBXSourcesBuildPhase section */

/* Begin PBXTargetDependency section */
		A98707B527EE94530023114D /* PBXTargetDependency */ = {
			isa = PBXTargetDependency;
			target = A987079C27EE94510023114D /* TestingCentury */;
			targetProxy = A98707B427EE94530023114D /* PBXContainerItemProxy */;
		};
		A98707BF27EE94530023114D /* PBXTargetDependency */ = {
			isa = PBXTargetDependency;
			target = A987079C27EE94510023114D /* TestingCentury */;
			targetProxy = A98707BE27EE94530023114D /* PBXContainerItemProxy */;
		};
/* End PBXTargetDependency section */

/* Begin XCBuildConfiguration section */
		A98707C527EE94530023114D /* Debug */ = {
			isa = XCBuildConfiguration;
			buildSettings = {
				ALWAYS_SEARCH_USER_PATHS = NO;
				CLANG_ANALYZER_NONNULL = YES;
				CLANG_ANALYZER_NUMBER_OBJECT_CONVERSION = YES_AGGRESSIVE;
				CLANG_CXX_LANGUAGE_STANDARD = "gnu++17";
				CLANG_ENABLE_MODULES = YES;
				CLANG_ENABLE_OBJC_ARC = YES;
				CLANG_ENABLE_OBJC_WEAK = YES;
				CLANG_WARN_BLOCK_CAPTURE_AUTORELEASING = YES;
				CLANG_WARN_BOOL_CONVERSION = YES;
				CLANG_WARN_COMMA = YES;
				CLANG_WARN_CONSTANT_CONVERSION = YES;
				CLANG_WARN_DEPRECATED_OBJC_IMPLEMENTATIONS = YES;
				CLANG_WARN_DIRECT_OBJC_ISA_USAGE = YES_ERROR;
				CLANG_WARN_DOCUMENTATION_COMMENTS = YES;
				CLANG_WARN_EMPTY_BODY = YES;
				CLANG_WARN_ENUM_CONVERSION = YES;
				CLANG_WARN_INFINITE_RECURSION = YES;
				CLANG_WARN_INT_CONVERSION = YES;
				CLANG_WARN_NON_LITERAL_NULL_CONVERSION = YES;
				CLANG_WARN_OBJC_IMPLICIT_RETAIN_SELF = YES;
				CLANG_WARN_OBJC_LITERAL_CONVERSION = YES;
				CLANG_WARN_OBJC_ROOT_CLASS = YES_ERROR;
				CLANG_WARN_QUOTED_INCLUDE_IN_FRAMEWORK_HEADER = YES;
				CLANG_WARN_RANGE_LOOP_ANALYSIS = YES;
				CLANG_WARN_STRICT_PROTOTYPES = YES;
				CLANG_WARN_SUSPICIOUS_MOVE = YES;
				CLANG_WARN_UNGUARDED_AVAILABILITY = YES_AGGRESSIVE;
				CLANG_WARN_UNREACHABLE_CODE = YES;
				CLANG_WARN__DUPLICATE_METHOD_MATCH = YES;
				COPY_PHASE_STRIP = NO;
				DEBUG_INFORMATION_FORMAT = dwarf;
				ENABLE_STRICT_OBJC_MSGSEND = YES;
				ENABLE_TESTABILITY = YES;
				GCC_C_LANGUAGE_STANDARD = gnu11;
				GCC_DYNAMIC_NO_PIC = NO;
				GCC_NO_COMMON_BLOCKS = YES;
				GCC_OPTIMIZATION_LEVEL = 0;
				GCC_PREPROCESSOR_DEFINITIONS = (
					"DEBUG=1",
					"$(inherited)",
				);
				GCC_WARN_64_TO_32_BIT_CONVERSION = YES;
				GCC_WARN_ABOUT_RETURN_TYPE = YES_ERROR;
				GCC_WARN_UNDECLARED_SELECTOR = YES;
				GCC_WARN_UNINITIALIZED_AUTOS = YES_AGGRESSIVE;
				GCC_WARN_UNUSED_FUNCTION = YES;
				GCC_WARN_UNUSED_VARIABLE = YES;
				IPHONEOS_DEPLOYMENT_TARGET = 15.4;
				MTL_ENABLE_DEBUG_INFO = INCLUDE_SOURCE;
				MTL_FAST_MATH = YES;
				ONLY_ACTIVE_ARCH = YES;
				SDKROOT = iphoneos;
				SWIFT_ACTIVE_COMPILATION_CONDITIONS = DEBUG;
				SWIFT_OPTIMIZATION_LEVEL = "-Onone";
			};
			name = Debug;
		};
		A98707C627EE94530023114D /* Release */ = {
			isa = XCBuildConfiguration;
			buildSettings = {
				ALWAYS_SEARCH_USER_PATHS = NO;
				CLANG_ANALYZER_NONNULL = YES;
				CLANG_ANALYZER_NUMBER_OBJECT_CONVERSION = YES_AGGRESSIVE;
				CLANG_CXX_LANGUAGE_STANDARD = "gnu++17";
				CLANG_ENABLE_MODULES = YES;
				CLANG_ENABLE_OBJC_ARC = YES;
				CLANG_ENABLE_OBJC_WEAK = YES;
				CLANG_WARN_BLOCK_CAPTURE_AUTORELEASING = YES;
				CLANG_WARN_BOOL_CONVERSION = YES;
				CLANG_WARN_COMMA = YES;
				CLANG_WARN_CONSTANT_CONVERSION = YES;
				CLANG_WARN_DEPRECATED_OBJC_IMPLEMENTATIONS = YES;
				CLANG_WARN_DIRECT_OBJC_ISA_USAGE = YES_ERROR;
				CLANG_WARN_DOCUMENTATION_COMMENTS = YES;
				CLANG_WARN_EMPTY_BODY = YES;
				CLANG_WARN_ENUM_CONVERSION = YES;
				CLANG_WARN_INFINITE_RECURSION = YES;
				CLANG_WARN_INT_CONVERSION = YES;
				CLANG_WARN_NON_LITERAL_NULL_CONVERSION = YES;
				CLANG_WARN_OBJC_IMPLICIT_RETAIN_SELF = YES;
				CLANG_WARN_OBJC_LITERAL_CONVERSION = YES;
				CLANG_WARN_OBJC_ROOT_CLASS = YES_ERROR;
				CLANG_WARN_QUOTED_INCLUDE_IN_FRAMEWORK_HEADER = YES;
				CLANG_WARN_RANGE_LOOP_ANALYSIS = YES;
				CLANG_WARN_STRICT_PROTOTYPES = YES;
				CLANG_WARN_SUSPICIOUS_MOVE = YES;
				CLANG_WARN_UNGUARDED_AVAILABILITY = YES_AGGRESSIVE;
				CLANG_WARN_UNREACHABLE_CODE = YES;
				CLANG_WARN__DUPLICATE_METHOD_MATCH = YES;
				COPY_PHASE_STRIP = NO;
				DEBUG_INFORMATION_FORMAT = "dwarf-with-dsym";
				ENABLE_NS_ASSERTIONS = NO;
				ENABLE_STRICT_OBJC_MSGSEND = YES;
				GCC_C_LANGUAGE_STANDARD = gnu11;
				GCC_NO_COMMON_BLOCKS = YES;
				GCC_WARN_64_TO_32_BIT_CONVERSION = YES;
				GCC_WARN_ABOUT_RETURN_TYPE = YES_ERROR;
				GCC_WARN_UNDECLARED_SELECTOR = YES;
				GCC_WARN_UNINITIALIZED_AUTOS = YES_AGGRESSIVE;
				GCC_WARN_UNUSED_FUNCTION = YES;
				GCC_WARN_UNUSED_VARIABLE = YES;
				IPHONEOS_DEPLOYMENT_TARGET = 15.4;
				MTL_ENABLE_DEBUG_INFO = NO;
				MTL_FAST_MATH = YES;
				SDKROOT = iphoneos;
				SWIFT_COMPILATION_MODE = wholemodule;
				SWIFT_OPTIMIZATION_LEVEL = "-O";
				VALIDATE_PRODUCT = YES;
			};
			name = Release;
		};
		A98707C827EE94530023114D /* Debug */ = {
			isa = XCBuildConfiguration;
			baseConfigurationReference = DF70EDDF629D4990D13D61D7 /* Pods-TestingCentury.debug.xcconfig */;
			buildSettings = {
				ASSETCATALOG_COMPILER_APPICON_NAME = AppIcon;
				ASSETCATALOG_COMPILER_GLOBAL_ACCENT_COLOR_NAME = AccentColor;
				CODE_SIGN_STYLE = Automatic;
				CURRENT_PROJECT_VERSION = 1;
				DEVELOPMENT_TEAM = LC826B8LG8;
				GENERATE_INFOPLIST_FILE = YES;
				INFOPLIST_FILE = TestingCentury/Info.plist;
				INFOPLIST_KEY_UIApplicationSupportsIndirectInputEvents = YES;
				INFOPLIST_KEY_UISupportedInterfaceOrientations = UIInterfaceOrientationPortrait;
				INFOPLIST_KEY_UISupportedInterfaceOrientations_iPad = "UIInterfaceOrientationPortrait UIInterfaceOrientationPortraitUpsideDown UIInterfaceOrientationLandscapeLeft UIInterfaceOrientationLandscapeRight";
				INFOPLIST_KEY_UISupportedInterfaceOrientations_iPhone = "UIInterfaceOrientationPortrait UIInterfaceOrientationLandscapeLeft UIInterfaceOrientationLandscapeRight";
				LD_RUNPATH_SEARCH_PATHS = (
					"$(inherited)",
					"@executable_path/Frameworks",
				);
				MARKETING_VERSION = 1.0;
				PRODUCT_BUNDLE_IDENTIFIER = Xoxo.TestingCentury;
				PRODUCT_NAME = "$(TARGET_NAME)";
				SWIFT_EMIT_LOC_STRINGS = YES;
				SWIFT_VERSION = 5.0;
				TARGETED_DEVICE_FAMILY = "1,2";
			};
			name = Debug;
		};
		A98707C927EE94530023114D /* Release */ = {
			isa = XCBuildConfiguration;
			baseConfigurationReference = B1CE22728BBCE680DC667FCD /* Pods-TestingCentury.release.xcconfig */;
			buildSettings = {
				ASSETCATALOG_COMPILER_APPICON_NAME = AppIcon;
				ASSETCATALOG_COMPILER_GLOBAL_ACCENT_COLOR_NAME = AccentColor;
				CODE_SIGN_STYLE = Automatic;
				CURRENT_PROJECT_VERSION = 1;
				DEVELOPMENT_TEAM = LC826B8LG8;
				GENERATE_INFOPLIST_FILE = YES;
				INFOPLIST_FILE = TestingCentury/Info.plist;
				INFOPLIST_KEY_UIApplicationSupportsIndirectInputEvents = YES;
				INFOPLIST_KEY_UISupportedInterfaceOrientations = UIInterfaceOrientationPortrait;
				INFOPLIST_KEY_UISupportedInterfaceOrientations_iPad = "UIInterfaceOrientationPortrait UIInterfaceOrientationPortraitUpsideDown UIInterfaceOrientationLandscapeLeft UIInterfaceOrientationLandscapeRight";
				INFOPLIST_KEY_UISupportedInterfaceOrientations_iPhone = "UIInterfaceOrientationPortrait UIInterfaceOrientationLandscapeLeft UIInterfaceOrientationLandscapeRight";
				LD_RUNPATH_SEARCH_PATHS = (
					"$(inherited)",
					"@executable_path/Frameworks",
				);
				MARKETING_VERSION = 1.0;
				PRODUCT_BUNDLE_IDENTIFIER = Xoxo.TestingCentury;
				PRODUCT_NAME = "$(TARGET_NAME)";
				SWIFT_EMIT_LOC_STRINGS = YES;
				SWIFT_VERSION = 5.0;
				TARGETED_DEVICE_FAMILY = "1,2";
			};
			name = Release;
		};
		A98707CB27EE94530023114D /* Debug */ = {
			isa = XCBuildConfiguration;
			baseConfigurationReference = 29B0F45A044F64868AD39786 /* Pods-TestingCenturyTests.debug.xcconfig */;
			buildSettings = {
				ALWAYS_EMBED_SWIFT_STANDARD_LIBRARIES = YES;
				BUNDLE_LOADER = "$(TEST_HOST)";
				CODE_SIGN_STYLE = Automatic;
				CURRENT_PROJECT_VERSION = 1;
				DEVELOPMENT_TEAM = LC826B8LG8;
				GENERATE_INFOPLIST_FILE = YES;
				IPHONEOS_DEPLOYMENT_TARGET = 15.4;
				MARKETING_VERSION = 1.0;
				PRODUCT_BUNDLE_IDENTIFIER = Xoxo.TestingCenturyTests;
				PRODUCT_NAME = "$(TARGET_NAME)";
				SWIFT_EMIT_LOC_STRINGS = NO;
				SWIFT_VERSION = 5.0;
				TARGETED_DEVICE_FAMILY = "1,2";
				TEST_HOST = "$(BUILT_PRODUCTS_DIR)/TestingCentury.app/TestingCentury";
			};
			name = Debug;
		};
		A98707CC27EE94530023114D /* Release */ = {
			isa = XCBuildConfiguration;
			baseConfigurationReference = 6F40BB93527C25D7CE7E40B3 /* Pods-TestingCenturyTests.release.xcconfig */;
			buildSettings = {
				ALWAYS_EMBED_SWIFT_STANDARD_LIBRARIES = YES;
				BUNDLE_LOADER = "$(TEST_HOST)";
				CODE_SIGN_STYLE = Automatic;
				CURRENT_PROJECT_VERSION = 1;
				DEVELOPMENT_TEAM = LC826B8LG8;
				GENERATE_INFOPLIST_FILE = YES;
				IPHONEOS_DEPLOYMENT_TARGET = 15.4;
				MARKETING_VERSION = 1.0;
				PRODUCT_BUNDLE_IDENTIFIER = Xoxo.TestingCenturyTests;
				PRODUCT_NAME = "$(TARGET_NAME)";
				SWIFT_EMIT_LOC_STRINGS = NO;
				SWIFT_VERSION = 5.0;
				TARGETED_DEVICE_FAMILY = "1,2";
				TEST_HOST = "$(BUILT_PRODUCTS_DIR)/TestingCentury.app/TestingCentury";
			};
			name = Release;
		};
		A98707CE27EE94530023114D /* Debug */ = {
			isa = XCBuildConfiguration;
			baseConfigurationReference = ECDF603415B868D0F38DD502 /* Pods-TestingCentury-TestingCenturyUITests.debug.xcconfig */;
			buildSettings = {
				ALWAYS_EMBED_SWIFT_STANDARD_LIBRARIES = YES;
				CODE_SIGN_STYLE = Automatic;
				CURRENT_PROJECT_VERSION = 1;
				DEVELOPMENT_TEAM = LC826B8LG8;
				GENERATE_INFOPLIST_FILE = YES;
				MARKETING_VERSION = 1.0;
				PRODUCT_BUNDLE_IDENTIFIER = Xoxo.TestingCenturyUITests;
				PRODUCT_NAME = "$(TARGET_NAME)";
				SWIFT_EMIT_LOC_STRINGS = NO;
				SWIFT_VERSION = 5.0;
				TARGETED_DEVICE_FAMILY = "1,2";
				TEST_TARGET_NAME = TestingCentury;
			};
			name = Debug;
		};
		A98707CF27EE94530023114D /* Release */ = {
			isa = XCBuildConfiguration;
			baseConfigurationReference = 425150BAD07DBDC96939B87B /* Pods-TestingCentury-TestingCenturyUITests.release.xcconfig */;
			buildSettings = {
				ALWAYS_EMBED_SWIFT_STANDARD_LIBRARIES = YES;
				CODE_SIGN_STYLE = Automatic;
				CURRENT_PROJECT_VERSION = 1;
				DEVELOPMENT_TEAM = LC826B8LG8;
				GENERATE_INFOPLIST_FILE = YES;
				MARKETING_VERSION = 1.0;
				PRODUCT_BUNDLE_IDENTIFIER = Xoxo.TestingCenturyUITests;
				PRODUCT_NAME = "$(TARGET_NAME)";
				SWIFT_EMIT_LOC_STRINGS = NO;
				SWIFT_VERSION = 5.0;
				TARGETED_DEVICE_FAMILY = "1,2";
				TEST_TARGET_NAME = TestingCentury;
			};
			name = Release;
		};
/* End XCBuildConfiguration section */

/* Begin XCConfigurationList section */
		A987079827EE94510023114D /* Build configuration list for PBXProject "TestingCentury" */ = {
			isa = XCConfigurationList;
			buildConfigurations = (
				A98707C527EE94530023114D /* Debug */,
				A98707C627EE94530023114D /* Release */,
			);
			defaultConfigurationIsVisible = 0;
			defaultConfigurationName = Release;
		};
		A98707C727EE94530023114D /* Build configuration list for PBXNativeTarget "TestingCentury" */ = {
			isa = XCConfigurationList;
			buildConfigurations = (
				A98707C827EE94530023114D /* Debug */,
				A98707C927EE94530023114D /* Release */,
			);
			defaultConfigurationIsVisible = 0;
			defaultConfigurationName = Release;
		};
		A98707CA27EE94530023114D /* Build configuration list for PBXNativeTarget "TestingCenturyTests" */ = {
			isa = XCConfigurationList;
			buildConfigurations = (
				A98707CB27EE94530023114D /* Debug */,
				A98707CC27EE94530023114D /* Release */,
			);
			defaultConfigurationIsVisible = 0;
			defaultConfigurationName = Release;
		};
		A98707CD27EE94530023114D /* Build configuration list for PBXNativeTarget "TestingCenturyUITests" */ = {
			isa = XCConfigurationList;
			buildConfigurations = (
				A98707CE27EE94530023114D /* Debug */,
				A98707CF27EE94530023114D /* Release */,
			);
			defaultConfigurationIsVisible = 0;
			defaultConfigurationName = Release;
		};
/* End XCConfigurationList section */
	};
	rootObject = A987079527EE94510023114D /* Project object */;
}
